// !$*UTF8*$!
{
	archiveVersion = 1;
	classes = {
	};
	objectVersion = 56;
	objects = {

/* Begin PBXBuildFile section */
		C23088262A36EFBF00AEDD37 /* AppDelegate.m in Sources */ = {isa = PBXBuildFile; fileRef = C23088252A36EFBF00AEDD37 /* AppDelegate.m */; };
		C23088292A36EFBF00AEDD37 /* SceneDelegate.m in Sources */ = {isa = PBXBuildFile; fileRef = C23088282A36EFBF00AEDD37 /* SceneDelegate.m */; };
		C230882C2A36EFBF00AEDD37 /* ViewController.m in Sources */ = {isa = PBXBuildFile; fileRef = C230882B2A36EFBF00AEDD37 /* ViewController.m */; };
		C230882F2A36EFBF00AEDD37 /* Main.storyboard in Resources */ = {isa = PBXBuildFile; fileRef = C230882D2A36EFBF00AEDD37 /* Main.storyboard */; };
		C23088312A36EFC100AEDD37 /* Assets.xcassets in Resources */ = {isa = PBXBuildFile; fileRef = C23088302A36EFC100AEDD37 /* Assets.xcassets */; };
		C23088342A36EFC100AEDD37 /* LaunchScreen.storyboard in Resources */ = {isa = PBXBuildFile; fileRef = C23088322A36EFC100AEDD37 /* LaunchScreen.storyboard */; };
		C23088372A36EFC100AEDD37 /* main.m in Sources */ = {isa = PBXBuildFile; fileRef = C23088362A36EFC100AEDD37 /* main.m */; };
/* End PBXBuildFile section */

/* Begin PBXFileReference section */
		C23088212A36EFBF00AEDD37 /* douban-test.app */ = {isa = PBXFileReference; explicitFileType = wrapper.application; includeInIndex = 0; path = "douban-test.app"; sourceTree = BUILT_PRODUCTS_DIR; };
		C23088242A36EFBF00AEDD37 /* AppDelegate.h */ = {isa = PBXFileReference; lastKnownFileType = sourcecode.c.h; path = AppDelegate.h; sourceTree = "<group>"; };
		C23088252A36EFBF00AEDD37 /* AppDelegate.m */ = {isa = PBXFileReference; lastKnownFileType = sourcecode.c.objc; path = AppDelegate.m; sourceTree = "<group>"; };
		C23088272A36EFBF00AEDD37 /* SceneDelegate.h */ = {isa = PBXFileReference; lastKnownFileType = sourcecode.c.h; path = SceneDelegate.h; sourceTree = "<group>"; };
		C23088282A36EFBF00AEDD37 /* SceneDelegate.m */ = {isa = PBXFileReference; lastKnownFileType = sourcecode.c.objc; path = SceneDelegate.m; sourceTree = "<group>"; };
		C230882A2A36EFBF00AEDD37 /* ViewController.h */ = {isa = PBXFileReference; lastKnownFileType = sourcecode.c.h; path = ViewController.h; sourceTree = "<group>"; };
		C230882B2A36EFBF00AEDD37 /* ViewController.m */ = {isa = PBXFileReference; lastKnownFileType = sourcecode.c.objc; path = ViewController.m; sourceTree = "<group>"; };
		C230882E2A36EFBF00AEDD37 /* Base */ = {isa = PBXFileReference; lastKnownFileType = file.storyboard; name = Base; path = Base.lproj/Main.storyboard; sourceTree = "<group>"; };
		C23088302A36EFC100AEDD37 /* Assets.xcassets */ = {isa = PBXFileReference; lastKnownFileType = folder.assetcatalog; path = Assets.xcassets; sourceTree = "<group>"; };
		C23088332A36EFC100AEDD37 /* Base */ = {isa = PBXFileReference; lastKnownFileType = file.storyboard; name = Base; path = Base.lproj/LaunchScreen.storyboard; sourceTree = "<group>"; };
		C23088352A36EFC100AEDD37 /* Info.plist */ = {isa = PBXFileReference; lastKnownFileType = text.plist.xml; path = Info.plist; sourceTree = "<group>"; };
		C23088362A36EFC100AEDD37 /* main.m */ = {isa = PBXFileReference; lastKnownFileType = sourcecode.c.objc; path = main.m; sourceTree = "<group>"; };
/* End PBXFileReference section */

/* Begin PBXFrameworksBuildPhase section */
		C230881E2A36EFBE00AEDD37 /* Frameworks */ = {
			isa = PBXFrameworksBuildPhase;
			buildActionMask = 2147483647;
			files = (
			);
			runOnlyForDeploymentPostprocessing = 0;
		};
/* End PBXFrameworksBuildPhase section */

/* Begin PBXGroup section */
		C23088182A36EFBE00AEDD37 = {
			isa = PBXGroup;
			children = (
				C23088232A36EFBF00AEDD37 /* douban-test */,
				C23088222A36EFBF00AEDD37 /* Products */,
			);
			sourceTree = "<group>";
		};
		C23088222A36EFBF00AEDD37 /* Products */ = {
			isa = PBXGroup;
			children = (
				C23088212A36EFBF00AEDD37 /* douban-test.app */,
			);
			name = Products;
			sourceTree = "<group>";
		};
		C23088232A36EFBF00AEDD37 /* douban-test */ = {
			isa = PBXGroup;
			children = (
				C23088242A36EFBF00AEDD37 /* AppDelegate.h */,
				C23088252A36EFBF00AEDD37 /* AppDelegate.m */,
				C23088272A36EFBF00AEDD37 /* SceneDelegate.h */,
				C23088282A36EFBF00AEDD37 /* SceneDelegate.m */,
				C230882A2A36EFBF00AEDD37 /* ViewController.h */,
				C230882B2A36EFBF00AEDD37 /* ViewController.m */,
				C230882D2A36EFBF00AEDD37 /* Main.storyboard */,
				C23088302A36EFC100AEDD37 /* Assets.xcassets */,
				C23088322A36EFC100AEDD37 /* LaunchScreen.storyboard */,
				C23088352A36EFC100AEDD37 /* Info.plist */,
				C23088362A36EFC100AEDD37 /* main.m */,
			);
			path = "douban-test";
			sourceTree = "<group>";
		};
/* End PBXGroup section */

/* Begin PBXNativeTarget section */
		C23088202A36EFBE00AEDD37 /* douban-test */ = {
			isa = PBXNativeTarget;
			buildConfigurationList = C230883A2A36EFC100AEDD37 /* Build configuration list for PBXNativeTarget "douban-test" */;
			buildPhases = (
				C230881D2A36EFBE00AEDD37 /* Sources */,
				C230881E2A36EFBE00AEDD37 /* Frameworks */,
				C230881F2A36EFBE00AEDD37 /* Resources */,
			);
			buildRules = (
			);
			dependencies = (
			);
			name = "douban-test";
			productName = "douban-test";
			productReference = C23088212A36EFBF00AEDD37 /* douban-test.app */;
			productType = "com.apple.product-type.application";
		};
/* End PBXNativeTarget section */

/* Begin PBXProject section */
		C23088192A36EFBE00AEDD37 /* Project object */ = {
			isa = PBXProject;
			attributes = {
				BuildIndependentTargetsInParallel = 1;
				LastUpgradeCheck = 1420;
				TargetAttributes = {
					C23088202A36EFBE00AEDD37 = {
						CreatedOnToolsVersion = 14.2;
					};
				};
			};
			buildConfigurationList = C230881C2A36EFBE00AEDD37 /* Build configuration list for PBXProject "douban-test" */;
			compatibilityVersion = "Xcode 14.0";
			developmentRegion = en;
			hasScannedForEncodings = 0;
			knownRegions = (
				en,
				Base,
			);
			mainGroup = C23088182A36EFBE00AEDD37;
			productRefGroup = C23088222A36EFBF00AEDD37 /* Products */;
			projectDirPath = "";
			projectRoot = "";
			targets = (
				C23088202A36EFBE00AEDD37 /* douban-test */,
			);
		};
/* End PBXProject section */

/* Begin PBXResourcesBuildPhase section */
		C230881F2A36EFBE00AEDD37 /* Resources */ = {
			isa = PBXResourcesBuildPhase;
			buildActionMask = 2147483647;
			files = (
				C23088342A36EFC100AEDD37 /* LaunchScreen.storyboard in Resources */,
				C23088312A36EFC100AEDD37 /* Assets.xcassets in Resources */,
				C230882F2A36EFBF00AEDD37 /* Main.storyboard in Resources */,
			);
			runOnlyForDeploymentPostprocessing = 0;
		};
/* End PBXResourcesBuildPhase section */

/* Begin PBXSourcesBuildPhase section */
		C230881D2A36EFBE00AEDD37 /* Sources */ = {
			isa = PBXSourcesBuildPhase;
			buildActionMask = 2147483647;
			files = (
				C230882C2A36EFBF00AEDD37 /* ViewController.m in Sources */,
				C23088262A36EFBF00AEDD37 /* AppDelegate.m in Sources */,
				C23088372A36EFC100AEDD37 /* main.m in Sources */,
				C23088292A36EFBF00AEDD37 /* SceneDelegate.m in Sources */,
			);
			runOnlyForDeploymentPostprocessing = 0;
		};
/* End PBXSourcesBuildPhase section */

/* Begin PBXVariantGroup section */
		C230882D2A36EFBF00AEDD37 /* Main.storyboard */ = {
			isa = PBXVariantGroup;
			children = (
				C230882E2A36EFBF00AEDD37 /* Base */,
			);
			name = Main.storyboard;
			sourceTree = "<group>";
		};
		C23088322A36EFC100AEDD37 /* LaunchScreen.storyboard */ = {
			isa = PBXVariantGroup;
			children = (
				C23088332A36EFC100AEDD37 /* Base */,
			);
			name = LaunchScreen.storyboard;
			sourceTree = "<group>";
		};
/* End PBXVariantGroup section */

/* Begin XCBuildConfiguration section */
		C23088382A36EFC100AEDD37 /* Debug */ = {
			isa = XCBuildConfiguration;
			buildSettings = {
				ALWAYS_SEARCH_USER_PATHS = NO;
				CLANG_ANALYZER_NONNULL = YES;
				CLANG_ANALYZER_NUMBER_OBJECT_CONVERSION = YES_AGGRESSIVE;
				CLANG_CXX_LANGUAGE_STANDARD = "gnu++20";
				CLANG_ENABLE_MODULES = YES;
				CLANG_ENABLE_OBJC_ARC = YES;
				CLANG_ENABLE_OBJC_WEAK = YES;
				CLANG_WARN_BLOCK_CAPTURE_AUTORELEASING = YES;
				CLANG_WARN_BOOL_CONVERSION = YES;
				CLANG_WARN_COMMA = YES;
				CLANG_WARN_CONSTANT_CONVERSION = YES;
				CLANG_WARN_DEPRECATED_OBJC_IMPLEMENTATIONS = YES;
				CLANG_WARN_DIRECT_OBJC_ISA_USAGE = YES_ERROR;
				CLANG_WARN_DOCUMENTATION_COMMENTS = YES;
				CLANG_WARN_EMPTY_BODY = YES;
				CLANG_WARN_ENUM_CONVERSION = YES;
				CLANG_WARN_INFINITE_RECURSION = YES;
				CLANG_WARN_INT_CONVERSION = YES;
				CLANG_WARN_NON_LITERAL_NULL_CONVERSION = YES;
				CLANG_WARN_OBJC_IMPLICIT_RETAIN_SELF = YES;
				CLANG_WARN_OBJC_LITERAL_CONVERSION = YES;
				CLANG_WARN_OBJC_ROOT_CLASS = YES_ERROR;
				CLANG_WARN_QUOTED_INCLUDE_IN_FRAMEWORK_HEADER = YES;
				CLANG_WARN_RANGE_LOOP_ANALYSIS = YES;
				CLANG_WARN_STRICT_PROTOTYPES = YES;
				CLANG_WARN_SUSPICIOUS_MOVE = YES;
				CLANG_WARN_UNGUARDED_AVAILABILITY = YES_AGGRESSIVE;
				CLANG_WARN_UNREACHABLE_CODE = YES;
				CLANG_WARN__DUPLICATE_METHOD_MATCH = YES;
				COPY_PHASE_STRIP = NO;
				DEBUG_INFORMATION_FORMAT = dwarf;
				ENABLE_STRICT_OBJC_MSGSEND = YES;
				ENABLE_TESTABILITY = YES;
				GCC_C_LANGUAGE_STANDARD = gnu11;
				GCC_DYNAMIC_NO_PIC = NO;
				GCC_NO_COMMON_BLOCKS = YES;
				GCC_OPTIMIZATION_LEVEL = 0;
				GCC_PREPROCESSOR_DEFINITIONS = (
					"DEBUG=1",
					"$(inherited)",
				);
				GCC_WARN_64_TO_32_BIT_CONVERSION = YES;
				GCC_WARN_ABOUT_RETURN_TYPE = YES_ERROR;
				GCC_WARN_UNDECLARED_SELECTOR = YES;
				GCC_WARN_UNINITIALIZED_AUTOS = YES_AGGRESSIVE;
				GCC_WARN_UNUSED_FUNCTION = YES;
				GCC_WARN_UNUSED_VARIABLE = YES;
				IPHONEOS_DEPLOYMENT_TARGET = 16.2;
				MTL_ENABLE_DEBUG_INFO = INCLUDE_SOURCE;
				MTL_FAST_MATH = YES;
				ONLY_ACTIVE_ARCH = YES;
				SDKROOT = iphoneos;
			};
			name = Debug;
		};
		C23088392A36EFC100AEDD37 /* Release */ = {
			isa = XCBuildConfiguration;
			buildSettings = {
				ALWAYS_SEARCH_USER_PATHS = NO;
				CLANG_ANALYZER_NONNULL = YES;
				CLANG_ANALYZER_NUMBER_OBJECT_CONVERSION = YES_AGGRESSIVE;
				CLANG_CXX_LANGUAGE_STANDARD = "gnu++20";
				CLANG_ENABLE_MODULES = YES;
				CLANG_ENABLE_OBJC_ARC = YES;
				CLANG_ENABLE_OBJC_WEAK = YES;
				CLANG_WARN_BLOCK_CAPTURE_AUTORELEASING = YES;
				CLANG_WARN_BOOL_CONVERSION = YES;
				CLANG_WARN_COMMA = YES;
				CLANG_WARN_CONSTANT_CONVERSION = YES;
				CLANG_WARN_DEPRECATED_OBJC_IMPLEMENTATIONS = YES;
				CLANG_WARN_DIRECT_OBJC_ISA_USAGE = YES_ERROR;
				CLANG_WARN_DOCUMENTATION_COMMENTS = YES;
				CLANG_WARN_EMPTY_BODY = YES;
				CLANG_WARN_ENUM_CONVERSION = YES;
				CLANG_WARN_INFINITE_RECURSION = YES;
				CLANG_WARN_INT_CONVERSION = YES;
				CLANG_WARN_NON_LITERAL_NULL_CONVERSION = YES;
				CLANG_WARN_OBJC_IMPLICIT_RETAIN_SELF = YES;
				CLANG_WARN_OBJC_LITERAL_CONVERSION = YES;
				CLANG_WARN_OBJC_ROOT_CLASS = YES_ERROR;
				CLANG_WARN_QUOTED_INCLUDE_IN_FRAMEWORK_HEADER = YES;
				CLANG_WARN_RANGE_LOOP_ANALYSIS = YES;
				CLANG_WARN_STRICT_PROTOTYPES = YES;
				CLANG_WARN_SUSPICIOUS_MOVE = YES;
				CLANG_WARN_UNGUARDED_AVAILABILITY = YES_AGGRESSIVE;
				CLANG_WARN_UNREACHABLE_CODE = YES;
				CLANG_WARN__DUPLICATE_METHOD_MATCH = YES;
				COPY_PHASE_STRIP = NO;
				DEBUG_INFORMATION_FORMAT = "dwarf-with-dsym";
				ENABLE_NS_ASSERTIONS = NO;
				ENABLE_STRICT_OBJC_MSGSEND = YES;
				GCC_C_LANGUAGE_STANDARD = gnu11;
				GCC_NO_COMMON_BLOCKS = YES;
				GCC_WARN_64_TO_32_BIT_CONVERSION = YES;
				GCC_WARN_ABOUT_RETURN_TYPE = YES_ERROR;
				GCC_WARN_UNDECLARED_SELECTOR = YES;
				GCC_WARN_UNINITIALIZED_AUTOS = YES_AGGRESSIVE;
				GCC_WARN_UNUSED_FUNCTION = YES;
				GCC_WARN_UNUSED_VARIABLE = YES;
				IPHONEOS_DEPLOYMENT_TARGET = 16.2;
				MTL_ENABLE_DEBUG_INFO = NO;
				MTL_FAST_MATH = YES;
				SDKROOT = iphoneos;
				VALIDATE_PRODUCT = YES;
			};
			name = Release;
		};
		C230883B2A36EFC100AEDD37 /* Debug */ = {
			isa = XCBuildConfiguration;
			buildSettings = {
				ASSETCATALOG_COMPILER_APPICON_NAME = AppIcon;
				ASSETCATALOG_COMPILER_GLOBAL_ACCENT_COLOR_NAME = AccentColor;
				CODE_SIGN_STYLE = Automatic;
				CURRENT_PROJECT_VERSION = 1;
				DEVELOPMENT_TEAM = SFKDM3SKG3;
				GENERATE_INFOPLIST_FILE = YES;
				INFOPLIST_FILE = "douban-test/Info.plist";
				INFOPLIST_KEY_UIApplicationSupportsIndirectInputEvents = YES;
				INFOPLIST_KEY_UILaunchStoryboardName = LaunchScreen;
				INFOPLIST_KEY_UIMainStoryboardFile = Main;
				INFOPLIST_KEY_UISupportedInterfaceOrientations_iPad = "UIInterfaceOrientationPortrait UIInterfaceOrientationPortraitUpsideDown UIInterfaceOrientationLandscapeLeft UIInterfaceOrientationLandscapeRight";
				INFOPLIST_KEY_UISupportedInterfaceOrientations_iPhone = "UIInterfaceOrientationPortrait UIInterfaceOrientationLandscapeLeft UIInterfaceOrientationLandscapeRight";
				IPHONEOS_DEPLOYMENT_TARGET = 11.0;
				LD_RUNPATH_SEARCH_PATHS = (
					"$(inherited)",
					"@executable_path/Frameworks",
				);
				MARKETING_VERSION = 1.0;
				PRODUCT_BUNDLE_IDENTIFIER = "com.happychildhood.magicearsup.douban-test";
				PRODUCT_NAME = "$(TARGET_NAME)";
				SWIFT_EMIT_LOC_STRINGS = YES;
				TARGETED_DEVICE_FAMILY = "1,2";
			};
			name = Debug;
		};
		C230883C2A36EFC100AEDD37 /* Release */ = {
			isa = XCBuildConfiguration;
			buildSettings = {
				ASSETCATALOG_COMPILER_APPICON_NAME = AppIcon;
				ASSETCATALOG_COMPILER_GLOBAL_ACCENT_COLOR_NAME = AccentColor;
				CODE_SIGN_STYLE = Automatic;
				CURRENT_PROJECT_VERSION = 1;
				DEVELOPMENT_TEAM = SFKDM3SKG3;
				GENERATE_INFOPLIST_FILE = YES;
				INFOPLIST_FILE = "douban-test/Info.plist";
				INFOPLIST_KEY_UIApplicationSupportsIndirectInputEvents = YES;
				INFOPLIST_KEY_UILaunchStoryboardName = LaunchScreen;
				INFOPLIST_KEY_UIMainStoryboardFile = Main;
				INFOPLIST_KEY_UISupportedInterfaceOrientations_iPad = "UIInterfaceOrientationPortrait UIInterfaceOrientationPortraitUpsideDown UIInterfaceOrientationLandscapeLeft UIInterfaceOrientationLandscapeRight";
				INFOPLIST_KEY_UISupportedInterfaceOrientations_iPhone = "UIInterfaceOrientationPortrait UIInterfaceOrientationLandscapeLeft UIInterfaceOrientationLandscapeRight";
				IPHONEOS_DEPLOYMENT_TARGET = 11.0;
				LD_RUNPATH_SEARCH_PATHS = (
					"$(inherited)",
					"@executable_path/Frameworks",
				);
				MARKETING_VERSION = 1.0;
				PRODUCT_BUNDLE_IDENTIFIER = "com.happychildhood.magicearsup.douban-test";
				PRODUCT_NAME = "$(TARGET_NAME)";
				SWIFT_EMIT_LOC_STRINGS = YES;
				TARGETED_DEVICE_FAMILY = "1,2";
			};
			name = Release;
		};
/* End XCBuildConfiguration section */

/* Begin XCConfigurationList section */
		C230881C2A36EFBE00AEDD37 /* Build configuration list for PBXProject "douban-test" */ = {
			isa = XCConfigurationList;
			buildConfigurations = (
				C23088382A36EFC100AEDD37 /* Debug */,
				C23088392A36EFC100AEDD37 /* Release */,
			);
			defaultConfigurationIsVisible = 0;
			defaultConfigurationName = Release;
		};
		C230883A2A36EFC100AEDD37 /* Build configuration list for PBXNativeTarget "douban-test" */ = {
			isa = XCConfigurationList;
			buildConfigurations = (
				C230883B2A36EFC100AEDD37 /* Debug */,
				C230883C2A36EFC100AEDD37 /* Release */,
			);
			defaultConfigurationIsVisible = 0;
			defaultConfigurationName = Release;
		};
/* End XCConfigurationList section */
	};
	rootObject = C23088192A36EFBE00AEDD37 /* Project object */;
}
